# Auto-generated by Calvin. Do not edit.

version = 1

[files.".codex/prompts/2-init-observability.md"]
hash = "sha256:bddbf3f9a47c77fe19ae52bb72e846d72701f393375da5182d15a7df97174fd6"
generated_at = "2025-12-17T09:38:46Z"

[files.".codex/prompts/2-init-env-config.md"]
hash = "sha256:c84388e9a8d7769e6bb711212f1b393afb6a91a3e4649838ec6616de860808cb"
generated_at = "2025-12-17T09:38:46Z"

[files.".codex/prompts/6-rel-changelog.md"]
hash = "sha256:2cf2509c027409bc08fcb4367df512ab57697f42f797653cd5cc24694f94c1fc"
generated_at = "2025-12-17T09:38:46Z"

[files.".cursor/rules/1-plan-db-optimize/RULE.md"]
hash = "sha256:daa23acac1688d4cba8a6497f6c2a134e0ad0cb7598f725beb29f0654847dfcd"
generated_at = "2025-12-17T09:38:46Z"

[files.".codex/prompts/x-util-debug-exception.md"]
hash = "sha256:8e891bd4cee86fdf63cf6d6e84d6969fb3c580dad3e58a3b4d3d308ac946eb1c"
generated_at = "2025-12-17T09:38:46Z"

[files.".cursor/rules/2-init-cicd-setup/RULE.md"]
hash = "sha256:0aff1ea0d82eaf33d0dbb72363114c5662feb24058c51c55d0d449ddeb4df4a5"
generated_at = "2025-12-17T09:38:46Z"

[files.".cursor/rules/m-maint-git-audit/RULE.md"]
hash = "sha256:dea5ca46faa29262997dbd58d4a630b6acf6d67307d42c1171bb50477d1579ba"
generated_at = "2025-12-17T09:38:46Z"

[files.".cursor/rules/3-dev-legacy-modernize/RULE.md"]
hash = "sha256:84e5aa8d051195f3f23f6b39700b2d15460b4f19c16f8a4d97e67716d020a57e"
generated_at = "2025-12-17T09:38:46Z"

[files.".agent/workflows/0-disc-sync-docs-code.md"]
hash = "sha256:77917f0c2db4511ae424ecde79fcb74fbc6d2da79af2b82cf2f9043a77df95ad"
generated_at = "2025-12-17T09:38:46Z"

[files.".github/instructions/1-plan-db-optimize.instructions.md"]
hash = "sha256:f1f33415c857fe6a0613a960fa59061a14c7213e4755a825f2c57e83eccd4a24"
generated_at = "2025-12-17T09:38:46Z"

[files.".github/instructions/4-test-tdd.instructions.md"]
hash = "sha256:f5a65c9bb63c363117d1e4a658ce5fc6a3762cb3357cca7ccd7bafc847a47d35"
generated_at = "2025-12-17T09:38:46Z"

[files.".agent/workflows/6-rel-changelog.md"]
hash = "sha256:ba73dcdca95888b6e9102ab4008531590e9ec7a7e95f263f4b9dde39e35daaa6"
generated_at = "2025-12-17T09:38:46Z"

[files.".claude/commands/5-qa-dep-audit.md"]
hash = "sha256:68ea8bde5e79e538c2ebb5c05391d88856f3353309fa51b7634958a3fc0ebf70"
generated_at = "2025-12-17T09:38:46Z"

[files.".codex/prompts/m-maint-dep-cleanup.md"]
hash = "sha256:c8ea1c98ce0b54dba59d31db3d4cbb22ff1e26997ceffd2abc40c32b1078d8d0"
generated_at = "2025-12-17T09:38:46Z"

[files.".claude/commands/4-test-regression.md"]
hash = "sha256:0de90d5e81427e6cf1db0e21a069a8199070b0a3070593e038fa73bd21e336cb"
generated_at = "2025-12-17T09:38:46Z"

[files.".codex/prompts/4-test-full.md"]
hash = "sha256:0b2326d08f1bd66def7033eae4c1a913d8680a4fa4b2a29ed1e7699f2b0db233"
generated_at = "2025-12-17T09:38:46Z"

[files.".agent/workflows/5-qa-security-audit.md"]
hash = "sha256:7f572965e09cbe8ef80b39e4353d0cfe11f065e697b10ef33974e868d7ed33e9"
generated_at = "2025-12-17T09:38:46Z"

[files.".cursor/rules/4-test-tdd/RULE.md"]
hash = "sha256:d12bdb9798400d6301d39834444b0c8764c7d8271e109a9541d8be7837bfbee1"
generated_at = "2025-12-17T09:38:46Z"

[files.".cursor/rules/5-qa-perf-profile/RULE.md"]
hash = "sha256:5e30f215ae002a6307176c4f4fe363a000a93b6a5c4f38e1841c9a6add8ec966"
generated_at = "2025-12-17T09:38:46Z"

[files.".cursor/rules/4-test-fix/RULE.md"]
hash = "sha256:056ed367ea7e169200a6c31747d72b2604b56daf70ab0d06494d9609fb31d736"
generated_at = "2025-12-17T09:38:46Z"

[files.".cursor/rules/m-maint-dep-cleanup/RULE.md"]
hash = "sha256:553c35d26c60c2abd48269649a1d173569ff98a9718c29853826dd4e1b46c520"
generated_at = "2025-12-17T09:38:46Z"

[files.".claude/commands/4-test-tdd.md"]
hash = "sha256:d6cc0dd8a5a703863c89b77ef7a8a48b2e9f61bf18c13df27395996369bc4f67"
generated_at = "2025-12-17T09:38:46Z"

[files.".github/instructions/m-maint-git-audit.instructions.md"]
hash = "sha256:b3b07dfc62610a998da192e1df85793f6bfd53657a6b73d6af87186a22f1625e"
generated_at = "2025-12-17T09:38:46Z"

[files.".claude/commands/1-plan-api-versioning.md"]
hash = "sha256:bc77434741d1be7d3bdd3a0a645c265a759c6de6e2180e83573b76b7a7731a46"
generated_at = "2025-12-17T09:38:46Z"

[files.".agent/workflows/3-dev-refactoring.md"]
hash = "sha256:a9bb4f55763252c57862a5cb6d573eb8da7ff162cdf4b1f986287924d0b0eee5"
generated_at = "2025-12-17T09:38:46Z"

[files.".claude/commands/3-dev-legacy-modernize.md"]
hash = "sha256:827f4abc637e954fd1a268732b615934f6bdfee7c687fa7f05d47c4f3de9805a"
generated_at = "2025-12-17T09:38:46Z"

[files.".claude/commands/2-init-monorepo-setup.md"]
hash = "sha256:369b1219629d163208bb7be6bee95c7e108a18fcea519d971dd791160079fd36"
generated_at = "2025-12-17T09:38:46Z"

[files.".codex/prompts/3-dev-refactoring.md"]
hash = "sha256:ed1ab978aae970ded9c5ed51e1f8ce0807c2035a8e8688b1c165a0811d21e3e7"
generated_at = "2025-12-17T09:38:46Z"

[files.".cursor/rules/5-qa-dep-audit/RULE.md"]
hash = "sha256:0a3119635aea27aaf90213e986ce2d196081cadbf95150ec9ea1e11f703a5c7d"
generated_at = "2025-12-17T09:38:46Z"

[files.".claude/commands/0-disc-sync-docs-code.md"]
hash = "sha256:334eef71473e8e74e291f96da917aabc8a16d74f0a672f02d4e3f36ad9202fc0"
generated_at = "2025-12-17T09:38:46Z"

[files.".agent/workflows/3-dev-legacy-modernize.md"]
hash = "sha256:5cf0992fb55bd559530ed746264ddf8834b16e2b69beaaa686de279914c15753"
generated_at = "2025-12-17T09:38:46Z"

[files.".codex/prompts/4-test-variants.md"]
hash = "sha256:b5769671bf79984d597c04875f1cb777eb3c03d07272606be40dd7c9a755d7ab"
generated_at = "2025-12-17T09:38:46Z"

[files.".codex/prompts/x-util-worktree-review.md"]
hash = "sha256:eb7a4c22487e4b305d7137d24fc8e922b477d93831e9865ced7639a68249783d"
generated_at = "2025-12-17T09:38:46Z"

[files.".cursor/rules/x-util-debug-exception/RULE.md"]
hash = "sha256:566a74c2184d5c15fc4cf1399b322c965249182e4c91af336c6f412adba34be4"
generated_at = "2025-12-17T09:38:46Z"

[files.".claude/commands/4-test-full.md"]
hash = "sha256:aed604450936480a1bc5836b5972fd54fda56179bdd7748049c8468f48b1fb89"
generated_at = "2025-12-17T09:38:46Z"

[files.".claude/commands/4-test-variants.md"]
hash = "sha256:46acf15af26482d9929eda40ab06f4d09b7d696bf2a802a8063498f21b11bc7f"
generated_at = "2025-12-17T09:38:46Z"

[files.".github/instructions/4-test-variants.instructions.md"]
hash = "sha256:0430f1e3577f0394193f0a4e835a8007c36cc5091e28a786cce9d6809c1a47df"
generated_at = "2025-12-17T09:38:46Z"

[files.".cursor/rules/3-dev-migrate-framework/RULE.md"]
hash = "sha256:9881fa81a57172126599a666abe439dcd3400dafa050b2c4be41cc0a89670009"
generated_at = "2025-12-17T09:38:46Z"

[files.".claude/settings.local.json"]
hash = "sha256:44136fa355b3678a1146ad16f7e8649e94fb4fc21fe77e8310c060f61caaff8a"
generated_at = "2025-12-17T09:38:46Z"

[files.".codex/prompts/1-plan-cache-strategy.md"]
hash = "sha256:d92a2090780442a061abb6329f74427346530ef9f636168f23aec27a2127e621"
generated_at = "2025-12-17T09:38:46Z"

[files.".github/instructions/2-init-observability.instructions.md"]
hash = "sha256:0707441369f26e203ef864798b979a227327ba5c299d3e57583abb1484ca547d"
generated_at = "2025-12-17T09:38:46Z"

[files.".github/instructions/0-disc-analyze-project.instructions.md"]
hash = "sha256:cbfa83ecc5f69934df7df403eee63f287e7f5e984cead250638fddedcd6bf66d"
generated_at = "2025-12-17T09:38:46Z"

[files.".agent/workflows/4-test-critical.md"]
hash = "sha256:39b89f7da646fbfeadd467610518bbbe88fe4d79a5117bd66083ecbcdc2fd91f"
generated_at = "2025-12-17T09:38:46Z"

[files.".agent/workflows/3-dev-error-handling.md"]
hash = "sha256:5afcf52853fa19f093d3440a5bdf854efc75f45d3e01d4d2f606fe0457d4ad57"
generated_at = "2025-12-17T09:38:46Z"

[files.".claude/commands/4-test-fix.md"]
hash = "sha256:9c04942a0121a312eab2f88a3140d73ab676df42f261575d7f1c5681b0fa619d"
generated_at = "2025-12-17T09:38:46Z"

[files.".cursor/rules/3-dev-refactoring/RULE.md"]
hash = "sha256:c3dadb50cf23b2f7eb1c9695cbb3e02731dc44ae4344406a57038f86fb30779b"
generated_at = "2025-12-17T09:38:46Z"

[files.".github/instructions/2-init-i18n-setup.instructions.md"]
hash = "sha256:bfd8ddd1928767a32b9bd62a6801e64ca3ac515a6ba56c8346edb6d462339023"
generated_at = "2025-12-17T09:38:46Z"

[files.".codex/prompts/0-disc-analyze-project.md"]
hash = "sha256:6b7749a6a854568d3278c9a2b1e80cd1d103e6d3cf184c70e106f6f2baf5d4c0"
generated_at = "2025-12-17T09:38:46Z"

[files.".github/instructions/x-util-worktree-review.instructions.md"]
hash = "sha256:158da30d406a7a6d6c7514ddc9e02abc0ac1ffac05a0982a682e8f363248e301"
generated_at = "2025-12-17T09:38:46Z"

[files.".claude/commands/1-plan-init-project.md"]
hash = "sha256:b9c03f27ec453212ea13d8f7eabf47c9fbd843409b7e4f238b041baac9fcf6e3"
generated_at = "2025-12-17T09:38:46Z"

[files.".agent/workflows/2-init-env-config.md"]
hash = "sha256:979adfd21cd73359f7414cfffedd031fca84e5519c81857397a5b7c16dd243ac"
generated_at = "2025-12-17T09:38:46Z"

[files.".claude/commands/m-maint-codebase-cleanup.md"]
hash = "sha256:91303b6308d2aa2a57fba7526583809360ca1387a277eebbdd105e520c595221"
generated_at = "2025-12-17T09:38:46Z"

[files.".codex/prompts/0-disc-sync-docs-code.md"]
hash = "sha256:31dc4e2db6128e8b93261937d95ea7b8dfb6b4e1dff3c7807244b3e527e0b4d3"
generated_at = "2025-12-17T09:38:46Z"

[files.".claude/commands/m-maint-dep-cleanup.md"]
hash = "sha256:ea2a4eea6111a29181879937526aec13a1cb91799793b122a6a7d08487e4cafa"
generated_at = "2025-12-17T09:38:46Z"

[files.".cursor/rules/1-plan-cache-strategy/RULE.md"]
hash = "sha256:13a01620dd1580d508df2a7c198b90424afe3d9f71c77ba66c10e0dde06ffc5e"
generated_at = "2025-12-17T09:38:46Z"

[files.".codex/prompts/3-dev-error-handling.md"]
hash = "sha256:ebf414f251d38212860eb0b3dad1d2a6b39382d705f10d3d9278646da0c66317"
generated_at = "2025-12-17T09:38:46Z"

[files.".codex/prompts/1-plan-frontend-redesign.md"]
hash = "sha256:52f08720ffb21507bdefa481ef4beda14837e76aa3e5c915e0efb19e2ae24a94"
generated_at = "2025-12-17T09:38:46Z"

[files.".claude/commands/x-util-worktree-review.md"]
hash = "sha256:1cd972059eb146f013225cf32246bfd5270ad87db1f10a1c1057d155c00b71a4"
generated_at = "2025-12-17T09:38:46Z"

[files.".codex/prompts/1-plan-init-project.md"]
hash = "sha256:7226b73adeddf03a83f4d61aa816c875627988690bbfb6f1ae71c131eeeced76"
generated_at = "2025-12-17T09:38:46Z"

[files.".cursor/rules/1-plan-frontend-redesign/RULE.md"]
hash = "sha256:24f32bf95edd666a34204192a9fc1393a675ed20f291516cf845320ea81e5150"
generated_at = "2025-12-17T09:38:46Z"

[files.".github/instructions/1-plan-cache-strategy.instructions.md"]
hash = "sha256:1fdec50af87d6918e48ee2a7305012e284dd85b4096b854cf2650c5ba2caef38"
generated_at = "2025-12-17T09:38:46Z"

[files.".github/instructions/2-init-cicd-setup.instructions.md"]
hash = "sha256:e4fa071fd3aad3e79a777dd562b59020b4b5279cca6e6c5770231ed4148366ef"
generated_at = "2025-12-17T09:38:46Z"

[files.".github/instructions/3-dev-migrate-framework.instructions.md"]
hash = "sha256:04235a4a8c3fdb7b4565b5d8d5af71286435dbba3a6514752d88f0f30524cb01"
generated_at = "2025-12-17T09:38:46Z"

[files.".claude/commands/3-dev-migrate-framework.md"]
hash = "sha256:87c430a385de62f79d6f5c55655a8d5ece97336e8e52812ea8b03f83dfa7e2a2"
generated_at = "2025-12-17T09:38:46Z"

[files.".agent/workflows/m-maint-git-audit.md"]
hash = "sha256:a2aa92322505f7db1dccd1904b88ddd13772e9dd4cdab320ae0da8d93eb47c0f"
generated_at = "2025-12-17T09:38:46Z"

[files.".agent/workflows/2-init-containerize.md"]
hash = "sha256:618940d42f1054da51f5c38201726993c5dacf58ecb97e44ae504c8b825513aa"
generated_at = "2025-12-17T09:38:46Z"

[files.".codex/prompts/2-init-monorepo-setup.md"]
hash = "sha256:007a391137aba5a7c53324520bfda03f79df37c088476908eeccc5a70a1c4085"
generated_at = "2025-12-17T09:38:46Z"

[files.".cursor/rules/2-init-containerize/RULE.md"]
hash = "sha256:4dc600f87c635325d3fca52f181a34031909144f854ef9ab2688b554da88a846"
generated_at = "2025-12-17T09:38:46Z"

[files.".agent/workflows/5-qa-a11y-audit.md"]
hash = "sha256:6b7517412e9d9a1ff5d1a6618fc0f156750a86cd4336b705fa327e9d1fe4e1cc"
generated_at = "2025-12-17T09:38:46Z"

[files.".github/instructions/5-qa-perf-profile.instructions.md"]
hash = "sha256:4935251787ff48e5ba1764026592f626a06997387a384bccc7c891cb83fd5490"
generated_at = "2025-12-17T09:38:46Z"

[files.".github/instructions/6-rel-changelog.instructions.md"]
hash = "sha256:2fa6e03a9498be2311439218ae66e5be3b344e9d09240c9761f778cab8d5dbd3"
generated_at = "2025-12-17T09:38:46Z"

[files.".codex/prompts/1-plan-db-optimize.md"]
hash = "sha256:6bc2d72fbe2a3df48ee8bb8ef72600365dc352fac5902740866dfef68c4d9b1a"
generated_at = "2025-12-17T09:38:46Z"

[files.".github/instructions/4-test-fix.instructions.md"]
hash = "sha256:a6f85ca4d7acf736c080fb6ec7bdd158a1888d743350e1df07c02b26acfe6f7c"
generated_at = "2025-12-17T09:38:46Z"

[files.".github/instructions/4-test-full.instructions.md"]
hash = "sha256:ad4f5fbe5620debd4cf8016af50e4b6550b75d01feb93af8f26bfa9db2a74e83"
generated_at = "2025-12-17T09:38:46Z"

[files.".agent/workflows/5-qa-perf-profile.md"]
hash = "sha256:a8c92800e7f9ce6d71affaabab0322be1c7f9b68092fc8b0eeb480ae7b0d2d71"
generated_at = "2025-12-17T09:38:46Z"

[files.".github/instructions/x-util-debug-exception.instructions.md"]
hash = "sha256:e8d6d160887a8df4a039bf2dab2ea82427b0646664494cca1a254966056f8b94"
generated_at = "2025-12-17T09:38:46Z"

[files.".claude/commands/2-init-containerize.md"]
hash = "sha256:efaa418a3813f9f7474d7c77a57836305d12af5fbd0b36d48711ff9dbf3e642f"
generated_at = "2025-12-17T09:38:46Z"

[files.".agent/workflows/1-plan-api-versioning.md"]
hash = "sha256:ea2fb35b5fc1594ab19aa2286fd90904ef1294fc4221fbcda26dc0e8bbdd26b4"
generated_at = "2025-12-17T09:38:46Z"

[files.".claude/commands/5-qa-security-audit.md"]
hash = "sha256:682de8b7c8c1bd39cab9bf2a74fcdfd5c3895eec3dabe5ab9f618197d5e97e46"
generated_at = "2025-12-17T09:38:46Z"

[files.".codex/prompts/3-dev-legacy-modernize.md"]
hash = "sha256:40b3cdcc875614dc189f6b5c532d023f11b9ce6bec70faae9c0bee9584e08ac1"
generated_at = "2025-12-17T09:38:46Z"

[files.".github/instructions/1-plan-frontend-redesign.instructions.md"]
hash = "sha256:d48b19953b5c220319a772ee5afa5c1599347a5385725c9072d022c377b09a74"
generated_at = "2025-12-17T09:38:46Z"

[files.".agent/workflows/4-test-tdd.md"]
hash = "sha256:0f144133437fc4fd6818973a8bd7d7085f1b7e20bd19ba2cf54c8a8b76793fec"
generated_at = "2025-12-17T09:38:46Z"

[files.".agent/workflows/2-init-monorepo-setup.md"]
hash = "sha256:e724f6da3b517818482e93652f8f16b29c59f538301758429c8f19d8e17ff806"
generated_at = "2025-12-17T09:38:46Z"

[files.".codex/prompts/6-rel-organize-docs.md"]
hash = "sha256:d1c46a3e73356e60ab419ad671aa161d3ea7c4134bbe3aa571dda58d02a7b1e2"
generated_at = "2025-12-17T09:38:46Z"

[files.".cursor/rules/4-test-full/RULE.md"]
hash = "sha256:9c6562d761ba43a7f14f4d1b4af8ca0ef57cef69401b3b797086e1366355de10"
generated_at = "2025-12-17T09:38:46Z"

[files.".agent/workflows/2-init-i18n-setup.md"]
hash = "sha256:5dd668ef39ba9ef76e1edc1538e6c4c1b498d9dd4aad5c078e4cb96aa4ab6fb4"
generated_at = "2025-12-17T09:38:46Z"

[files.".github/instructions/m-maint-dep-cleanup.instructions.md"]
hash = "sha256:76588d717ef7f988a8cb6ca72cf53c39ec7ed036b33e3c18c19c16950a5562a1"
generated_at = "2025-12-17T09:38:46Z"

[files.".claude/commands/5-qa-api-review.md"]
hash = "sha256:78d4d545c1bd2e7a5ae3bb716384c9f807abc84cc9e260332c6f82d8dc749444"
generated_at = "2025-12-17T09:38:46Z"

[files.".agent/workflows/4-test-full.md"]
hash = "sha256:1a1aa4a1066eb331162b777013bbc412f2b8d1b4c7ec9ffd64a154dcd88b8358"
generated_at = "2025-12-17T09:38:46Z"

[files.".claude/commands/4-test-critical.md"]
hash = "sha256:87ef4216f51511ded3f3562a2d6d29f9d5b1f5f99c8e3fd604e3a0b252ad9a58"
generated_at = "2025-12-17T09:38:46Z"

[files.".cursor/rules/1-plan-init-project/RULE.md"]
hash = "sha256:cfe99ac41142961df831ef92d747aa70581a0258edcba7ce50ea922c5c65d8de"
generated_at = "2025-12-17T09:38:46Z"

[files.".github/instructions/4-test-critical.instructions.md"]
hash = "sha256:1bff6a4758e0d9313fb6e40b4edfad9f53a9f7f54d736ae179df86b3bd4e38b1"
generated_at = "2025-12-17T09:38:46Z"

[files.".cursor/rules/1-plan-api-versioning/RULE.md"]
hash = "sha256:152e80db20446103330e016a916a596eb2a2d3a1b195fb40c49c5449cc4bf7eb"
generated_at = "2025-12-17T09:38:46Z"

[files.".github/instructions/m-maint-codebase-cleanup.instructions.md"]
hash = "sha256:97eae09a99c01038a192b2594cbdd16673d039bd047418fa88231197d5b9cc4a"
generated_at = "2025-12-17T09:38:46Z"

[files."AGENTS.md"]
hash = "sha256:29669d6dfee81cc1351505d88e262b7e1417144e8a88f8f3bbe14ef3103a826b"
generated_at = "2025-12-17T09:38:46Z"

[files.".claude/commands/2-init-env-config.md"]
hash = "sha256:49667eff8b0ac8d45ae2be84dc8d2282359fb437a9602a00fc7f638320c6b8b5"
generated_at = "2025-12-17T09:38:46Z"

[files.".cursor/rules/3-dev-error-handling/RULE.md"]
hash = "sha256:8bca55407d4e4f05b38332516891e9aa7b230f76c8477ae446201bf503822129"
generated_at = "2025-12-17T09:38:46Z"

[files.".cursor/rules/4-test-variants/RULE.md"]
hash = "sha256:7a0e6279d7d58059efa1f6fa5f46a0a29e7fbf6e2639591ca1fe135d279d14c0"
generated_at = "2025-12-17T09:38:46Z"

[files.".agent/workflows/5-qa-dep-audit.md"]
hash = "sha256:d5bca8c4745c8f07a0c31180f0b8047a718d6973f931fa0239722931f223de0f"
generated_at = "2025-12-17T09:38:46Z"

[files.".cursor/rules/2-init-monorepo-setup/RULE.md"]
hash = "sha256:6ee374ce0c023f4308008b52faae70464e25cc0dd8751545c8b8086ab321eba1"
generated_at = "2025-12-17T09:38:46Z"

[files.".github/instructions/1-plan-init-project.instructions.md"]
hash = "sha256:8b67e1f95450d540945908d2a3a9a71abcea9ae4a8280c2f642363e7e5456284"
generated_at = "2025-12-17T09:38:46Z"

[files.".github/instructions/5-qa-api-review.instructions.md"]
hash = "sha256:95898fd49a4167b9fb8912356b850b9fa307547b92786fed6a0f51a7c47950ea"
generated_at = "2025-12-17T09:38:46Z"

[files.".agent/workflows/1-plan-frontend-redesign.md"]
hash = "sha256:acc7f8281212a6a0948405b308edee6a5de5f174efb8eb6dce793252de647342"
generated_at = "2025-12-17T09:38:46Z"

[files.".claude/commands/x-util-debug-exception.md"]
hash = "sha256:3745d6a7cfcd39e18d3339f8a01bb101d0e8e047d963d18b4c2b22de5bcbc997"
generated_at = "2025-12-17T09:38:46Z"

[files.".claude/commands/6-rel-changelog.md"]
hash = "sha256:e24defdd5a42224d426a93f8bb5c7f30adcef363a399246687977fba8aa20366"
generated_at = "2025-12-17T09:38:46Z"

[files.".agent/workflows/x-util-debug-exception.md"]
hash = "sha256:4fd5eb89e95558ed136a409128f22a16d7ceffeaa65824ddd26994fb27f5179d"
generated_at = "2025-12-17T09:38:46Z"

[files.".codex/prompts/4-test-critical.md"]
hash = "sha256:51eee5ea788b444c77796aba0b536877fc4b744b83a973cdae83e57fcc6a6a8b"
generated_at = "2025-12-17T09:38:46Z"

[files.".agent/workflows/2-init-cicd-setup.md"]
hash = "sha256:e80d23d387ecb42d829f10b37836582f2ef2ec460714406ec32835be8ba93983"
generated_at = "2025-12-17T09:38:46Z"

[files.".codex/prompts/4-test-fix.md"]
hash = "sha256:e0f649ab53c2a7980c69a8963c4490383b0d28dc536f9f4e48aa28236cbf609e"
generated_at = "2025-12-17T09:38:46Z"

[files.".agent/workflows/1-plan-cache-strategy.md"]
hash = "sha256:f4bcb7e86c227c7ea8a621a5c72e48105c60983cc62cc12f17baf05861535e12"
generated_at = "2025-12-17T09:38:46Z"

[files.".cursor/rules/2-init-observability/RULE.md"]
hash = "sha256:ad3d6e670c275f939f70d81486c05a4dd272d8894c2f76a36da23c5b64cadeb9"
generated_at = "2025-12-17T09:38:46Z"

[files.".cursor/rules/6-rel-organize-docs/RULE.md"]
hash = "sha256:31b13eaa0b1ebd599f75ac2fd28f84ebeef2f5891c21f6dc7b06cf7feb5690ee"
generated_at = "2025-12-17T09:38:46Z"

[files.".cursor/rules/4-test-regression/RULE.md"]
hash = "sha256:044eb6d587ff328e30784c168081daed145b17cd4d67c4bf23fea07908b9fc6a"
generated_at = "2025-12-17T09:38:46Z"

[files.".codex/prompts/4-test-tdd.md"]
hash = "sha256:5a7f785cee9f2ef7405f61c02fce5928855997d7cbcf92aea0bb483a055148b7"
generated_at = "2025-12-17T09:38:46Z"

[files.".codex/prompts/5-qa-perf-profile.md"]
hash = "sha256:c60b0bc648bd9ef2cd93ffb324e7c4a295e2dc421a1c35590bde4cfdc048eb41"
generated_at = "2025-12-17T09:38:46Z"

[files.".codex/prompts/m-maint-git-audit.md"]
hash = "sha256:5993b296e12b5bb90ae83269d00055e4048167ba41601c0d26d9094f2934953b"
generated_at = "2025-12-17T09:38:46Z"

[files.".github/instructions/3-dev-error-handling.instructions.md"]
hash = "sha256:a8a9ce6f1231d372ecf74f0c636aea7cb4577f86c2b7c785fef90f9eca246e64"
generated_at = "2025-12-17T09:38:46Z"

[files.".cursor/rules/x-util-worktree-review/RULE.md"]
hash = "sha256:4336e20353ef415425442c96ceafd2849dbc926499fe069819073df01b43c8ee"
generated_at = "2025-12-17T09:38:46Z"

[files.".github/instructions/5-qa-a11y-audit.instructions.md"]
hash = "sha256:58bc19af4bd90d3e1fcbfb16710526345209702e34e44ad8e64b412d69383936"
generated_at = "2025-12-17T09:38:46Z"

[files.".github/instructions/6-rel-organize-docs.instructions.md"]
hash = "sha256:ee6bc4dfc591b08aff5a7aef25eca192af42f03602907862b6c13e9dd2043736"
generated_at = "2025-12-17T09:38:46Z"

[files.".agent/workflows/1-plan-redesign-arch.md"]
hash = "sha256:ac3614228396aa422d6ff8f734c4136fd4fcdd21906091b74d2adf235fb28e18"
generated_at = "2025-12-17T09:38:46Z"

[files.".claude/commands/1-plan-cache-strategy.md"]
hash = "sha256:7027dac85bd890fcb2774bed482a92c73b6e8c3bfcba29868821f204a016641b"
generated_at = "2025-12-17T09:38:46Z"

[files.".claude/commands/2-init-i18n-setup.md"]
hash = "sha256:e22504655ed6557e607d12993c65be768c3fba4f07d86341a087b39657b0dca1"
generated_at = "2025-12-17T09:38:46Z"

[files.".claude/commands/1-plan-db-optimize.md"]
hash = "sha256:1cdf0f7561cbe048c15c743f0dc3f0d822862d0e3b91c3e87af0032ce979d5b2"
generated_at = "2025-12-17T09:38:46Z"

[files.".agent/workflows/3-dev-migrate-framework.md"]
hash = "sha256:826c54ecdeec80583f0ffd1d6c14269ad2b98cef89033034070f01e8d78bb50f"
generated_at = "2025-12-17T09:38:46Z"

[files.".agent/workflows/x-util-worktree-review.md"]
hash = "sha256:4add5dff6ef7eede872e20e63a72990a5787575a17f80df74eea4671795dcb32"
generated_at = "2025-12-17T09:38:46Z"

[files.".github/instructions/2-init-env-config.instructions.md"]
hash = "sha256:27b6a3cd80b1960ff2b53703aa48d2fe482fa677a34ec8b2f6b72cb70ca5ab95"
generated_at = "2025-12-17T09:38:46Z"

[files.".agent/workflows/4-test-regression.md"]
hash = "sha256:73b9df40350dc8b78877281ddd8e9f817818dc4eef4f79a0191b25ec380c0ab6"
generated_at = "2025-12-17T09:38:46Z"

[files.".agent/workflows/m-maint-dep-cleanup.md"]
hash = "sha256:e553427c1098a1b90c0959629ee9ca1748d5c7a8bbaceef2c333cc62663ccb29"
generated_at = "2025-12-17T09:38:46Z"

[files.".claude/commands/1-plan-redesign-arch.md"]
hash = "sha256:9e2965c9ec47d6fddfeefdfeb05d9677837bbae3d82d6c583eeebc5565425ba2"
generated_at = "2025-12-17T09:38:46Z"

[files.".claude/commands/2-init-cicd-setup.md"]
hash = "sha256:68c39ad446243a7a4d3eff18e0ed3b2bb13ccc467a33eb092f88fe418863dd19"
generated_at = "2025-12-17T09:38:46Z"

[files.".codex/prompts/5-qa-api-review.md"]
hash = "sha256:a5cfe6a807b1bc8afce1b59d6acca89f396102fd4c100e12df7af86f5ecbf3aa"
generated_at = "2025-12-17T09:38:46Z"

[files.".github/instructions/3-dev-legacy-modernize.instructions.md"]
hash = "sha256:dc60e8116ebf1b448970a8e73fc0c1324baded6a84c7948f964f99f4cdca81c6"
generated_at = "2025-12-17T09:38:46Z"

[files.".codex/prompts/2-init-containerize.md"]
hash = "sha256:1448372ec5114faae09c17d391b5be5ee2b103a317948b52261045e5bc79c79a"
generated_at = "2025-12-17T09:38:46Z"

[files.".cursor/rules/0-disc-analyze-project/RULE.md"]
hash = "sha256:9b9fe890433c614d93d4f02e52e405359f3a6ebe6d6a711fe367ce5ba888e163"
generated_at = "2025-12-17T09:38:46Z"

[files.".agent/workflows/0-disc-analyze-project.md"]
hash = "sha256:5a0c00faaa7444e7db7ab8a370b3fe687193d9eb8cf7afc6c4a9f61d49001d74"
generated_at = "2025-12-17T09:38:46Z"

[files.".codex/prompts/5-qa-dep-audit.md"]
hash = "sha256:96bc0152f8526e66a7b146dc3592d734b9e66054f1f81b1fb3e3d1bde5945ae3"
generated_at = "2025-12-17T09:38:46Z"

[files.".claude/commands/5-qa-perf-profile.md"]
hash = "sha256:2edd7060231852642a096fd7843ca9c5ff34156ff7ca161fff31859a5136c3b4"
generated_at = "2025-12-17T09:38:46Z"

[files.".cursor/rules/6-rel-changelog/RULE.md"]
hash = "sha256:7a321169f17f6ba46d29b82922326ba1ae62607b0cb85a52d87762b21b26ce8d"
generated_at = "2025-12-17T09:38:46Z"

[files.".codex/prompts/5-qa-security-audit.md"]
hash = "sha256:8507c7dae7b28d23f5d1c33aac383b5a6f859d73ec2fbf17822ef76e20582b3c"
generated_at = "2025-12-17T09:38:46Z"

[files.".codex/prompts/2-init-cicd-setup.md"]
hash = "sha256:de871ffc8589f289d3d5b136dd826664225902c0328daa0f8391f62d76b7e2dc"
generated_at = "2025-12-17T09:38:46Z"

[files.".cursor/rules/2-init-env-config/RULE.md"]
hash = "sha256:ab023af3f38aa8ce3bbff1e92da4030b1a89a26a7c743b36e6476dabe773f728"
generated_at = "2025-12-17T09:38:46Z"

[files.".codex/prompts/3-dev-migrate-framework.md"]
hash = "sha256:6896dfbe5cb9ad0c7975270d5570a9224b8cd259c99680744fc7aa7065fd4faa"
generated_at = "2025-12-17T09:38:46Z"

[files.".github/instructions/0-disc-sync-docs-code.instructions.md"]
hash = "sha256:51235cf6697c46ae0ea1db274d20f9c59258b9adce5f43afa8bc8c9197578b4e"
generated_at = "2025-12-17T09:38:46Z"

[files.".agent/workflows/1-plan-init-project.md"]
hash = "sha256:b6e684e310ec606f5ae427296a91d696cd7a72e5d008dc5fd0f486b00ebfdcd3"
generated_at = "2025-12-17T09:38:46Z"

[files.".cursor/rules/5-qa-a11y-audit/RULE.md"]
hash = "sha256:cf67b5c28e40197d7a431e18a19bdd40f1181c15951f106e99ee173e048e0950"
generated_at = "2025-12-17T09:38:46Z"

[files.".cursor/rules/5-qa-security-audit/RULE.md"]
hash = "sha256:e1f9a2d64145f95de45966c8c1f1862e26f47186b97842343fd6d30c9a9921df"
generated_at = "2025-12-17T09:38:46Z"

[files.".claude/settings.json"]
hash = "sha256:e4e5a0806d07623e1a1b168562dc638f68de495506a4dfae764f11ac2bdd754d"
generated_at = "2025-12-17T09:38:46Z"

[files.".cursor/rules/m-maint-codebase-cleanup/RULE.md"]
hash = "sha256:f15996482aba3ce9e6b2aa2ee07dd9446c214b4ea873ee4f29e1fc955b00e095"
generated_at = "2025-12-17T09:38:46Z"

[files.".agent/workflows/m-maint-codebase-cleanup.md"]
hash = "sha256:cb36ef8f52f664e6cf8206e2beee766b46973b461457b575bfdfa310f8f552fd"
generated_at = "2025-12-17T09:38:46Z"

[files.".agent/workflows/1-plan-db-optimize.md"]
hash = "sha256:bc78cda7cc5e591d074a5bee7f40f988b3bc242b20ccf4fd72080238ffe18877"
generated_at = "2025-12-17T09:38:46Z"

[files.".agent/workflows/4-test-variants.md"]
hash = "sha256:d65400194d7922ade55abf3359392ac5e986620cb3b8c806d3e493eb54966e8c"
generated_at = "2025-12-17T09:38:46Z"

[files.".claude/commands/1-plan-frontend-redesign.md"]
hash = "sha256:c4b80388d02d0de76d26ca5808492e9a535370b051180db5c58bf8841a9523b3"
generated_at = "2025-12-17T09:38:46Z"

[files.".claude/commands/m-maint-git-audit.md"]
hash = "sha256:fdb6bbb4e9476a6ac328aaf50a0a5b1d59533db4f4ac02ebcd41d2c3d5fde749"
generated_at = "2025-12-17T09:38:46Z"

[files.".agent/workflows/4-test-fix.md"]
hash = "sha256:8c74acb389943fc916358aeccfebe7a653d349262f4c783e22a7864bda40fa2b"
generated_at = "2025-12-17T09:38:46Z"

[files.".github/instructions/3-dev-refactoring.instructions.md"]
hash = "sha256:396bcb56113ad2057bfc1d8bdb707c631834fa09a35d8d709e218778f4ca7d7b"
generated_at = "2025-12-17T09:38:46Z"

[files.".github/instructions/4-test-regression.instructions.md"]
hash = "sha256:6bef257950ee5b1c19fba0121602e7a608d5c3c651128a73e596ad4004bd3185"
generated_at = "2025-12-17T09:38:46Z"

[files.".claude/commands/2-init-observability.md"]
hash = "sha256:5c5222b2b361c1ef3e2470f444f5e45caa0fefe975858b660ba71f21eef96caa"
generated_at = "2025-12-17T09:38:46Z"

[files.".claude/commands/0-disc-analyze-project.md"]
hash = "sha256:81172143f8e181620d0d53c940a3b9d9fc74c03bcd508611799bb40d69abb541"
generated_at = "2025-12-17T09:38:46Z"

[files.".codex/prompts/1-plan-api-versioning.md"]
hash = "sha256:1c2f07be8b30de02c1f38cc3075eee0dfb371c678f19c7cf5d14e0cebb688402"
generated_at = "2025-12-17T09:38:46Z"

[files.".codex/prompts/4-test-regression.md"]
hash = "sha256:c9247de8ab1dc0d04d1cae8acb75d787d59848d1ff623a4764eb1b1a51dcb160"
generated_at = "2025-12-17T09:38:46Z"

[files.".cursor/rules/2-init-i18n-setup/RULE.md"]
hash = "sha256:b643ad2d9e9dfdf7a279e7bf9c39ca648ea69b3972a82cd3ba949f20a56d1f66"
generated_at = "2025-12-17T09:38:46Z"

[files.".codex/prompts/1-plan-redesign-arch.md"]
hash = "sha256:6933a3b82d7836c884d267353fb97988ca098763880258386c32f91dd63e0d98"
generated_at = "2025-12-17T09:38:46Z"

[files.".cursor/rules/4-test-critical/RULE.md"]
hash = "sha256:3d7d53d09b3df6576770daab95850edd3441f7c2bc006bd826c68ecdd51c6ed8"
generated_at = "2025-12-17T09:38:46Z"

[files.".cursor/rules/0-disc-sync-docs-code/RULE.md"]
hash = "sha256:34be903cfd4456a3acc8cd23a972bcfb2a566980ede5d11c353d4f8a4386e1cf"
generated_at = "2025-12-17T09:38:46Z"

[files.".claude/commands/5-qa-a11y-audit.md"]
hash = "sha256:fad6afa7c89a1d7b275fa65f190d02de3a4e221cff036be1f426655a07e74191"
generated_at = "2025-12-17T09:38:46Z"

[files.".github/instructions/1-plan-redesign-arch.instructions.md"]
hash = "sha256:857628c1635c65bd9a6f3054c31d65d48cf1af0551a255ac8af3c50e8bbf22b9"
generated_at = "2025-12-17T09:38:46Z"

[files.".github/instructions/2-init-containerize.instructions.md"]
hash = "sha256:18e2bc1dcd48d1214016fd6398ffec5b4470849b0fd6c0b423feb662a621b6ce"
generated_at = "2025-12-17T09:38:46Z"

[files.".github/instructions/1-plan-api-versioning.instructions.md"]
hash = "sha256:ad705a40b8c2ae36418253b55c28c80af41e5d6aaaa4a581d826437aefc27132"
generated_at = "2025-12-17T09:38:46Z"

[files.".codex/prompts/m-maint-codebase-cleanup.md"]
hash = "sha256:4893ceafad1101371b146f925d8711e2809d00e87640d7c21a5e7b77a141c4ca"
generated_at = "2025-12-17T09:38:46Z"

[files.".github/instructions/2-init-monorepo-setup.instructions.md"]
hash = "sha256:946fb301d64ac68798d771502cd476eae2fb4796cf0745aaae5bc20b8a834cfa"
generated_at = "2025-12-17T09:38:46Z"

[files.".cursor/rules/1-plan-redesign-arch/RULE.md"]
hash = "sha256:204e19b897bc89f208e4965123c42228f5324000e32b1920e1a797b49b5740ba"
generated_at = "2025-12-17T09:38:46Z"

[files.".github/instructions/5-qa-dep-audit.instructions.md"]
hash = "sha256:b3f2070827365fce9a3e75ba021e58d5a08f76733eeda86d70321ebb0fcd2e4c"
generated_at = "2025-12-17T09:38:46Z"

[files.".codex/prompts/2-init-i18n-setup.md"]
hash = "sha256:2226f6beebe80571748b38648712538ebcf6c1b41c8b6a7ed894ea81949ec265"
generated_at = "2025-12-17T09:38:46Z"

[files.".agent/workflows/6-rel-organize-docs.md"]
hash = "sha256:87d09614e37eac05676462d2f7b2f918928dea0ffa8b260bb1762ec1aab78172"
generated_at = "2025-12-17T09:38:46Z"

[files.".github/instructions/5-qa-security-audit.instructions.md"]
hash = "sha256:f729cbbeaffca102dfef7537b535ce35aaaf757de33814f2b3f118dbcc59b110"
generated_at = "2025-12-17T09:38:46Z"

[files.".agent/workflows/2-init-observability.md"]
hash = "sha256:33aaf22ae7043c7c386cb21545e643896588ef6149c94f30ff68faa5bf03af93"
generated_at = "2025-12-17T09:38:46Z"

[files.".claude/commands/3-dev-refactoring.md"]
hash = "sha256:cbc856f07b1fd7d129cc35418f32c58ffd6501e336fc8c6fe84dab5855b87920"
generated_at = "2025-12-17T09:38:46Z"

[files.".codex/prompts/5-qa-a11y-audit.md"]
hash = "sha256:6f3df05bae4012ee8b63977c053dc5db997964dde79e6afb55409025faa726d7"
generated_at = "2025-12-17T09:38:46Z"

[files.".agent/workflows/5-qa-api-review.md"]
hash = "sha256:a6ddb55f456f78fd3f8a8bd81818f7f28afe5d3c27beaee4cc917843e8ed7aef"
generated_at = "2025-12-17T09:38:46Z"

[files.".claude/commands/3-dev-error-handling.md"]
hash = "sha256:1f95d0a59b26ac0babae85b65c8b7cbfa1bc759457d946d1171cd19f6c18162d"
generated_at = "2025-12-17T09:38:46Z"

[files.".claude/commands/6-rel-organize-docs.md"]
hash = "sha256:9899b07a8091700377ee0f109c86684c08affe238a54f9568ff18f5e617d1f90"
generated_at = "2025-12-17T09:38:46Z"

[files.".cursor/rules/5-qa-api-review/RULE.md"]
hash = "sha256:a5e773b07375aeb3dfec4c20947d10f7be0f7ae99b14b962dcde419b27300eb5"
generated_at = "2025-12-17T09:38:46Z"
