version = 1

[files."home:~/.claude/commands/0-disc-analyze-project.md"]
hash = "sha256:8bf25ae1c9b93e4415105060f4a228c4e09865862e334cf1d80e64f93bd274c2"

[files."home:~/.claude/commands/0-disc-sync-docs-code.md"]
hash = "sha256:7126920168e725c7e373547d44cf0df2b6099e7c33dcc278e076829712594e7f"

[files."home:~/.claude/commands/1-plan-api-versioning.md"]
hash = "sha256:e0a48a8838a53b923f399f8769f5ce3c2c310135a6e47b798ccd302f2a477e11"

[files."home:~/.claude/commands/1-plan-cache-strategy.md"]
hash = "sha256:a778ee121a91328dc8c9a29dc67d52dfc25f92e2193062dbfcd3bdeba41e2135"

[files."home:~/.claude/commands/1-plan-db-optimize.md"]
hash = "sha256:351f8c60111d3c1fc588527306351a117b67a5f28eadf52d9704a3a97d81c537"

[files."home:~/.claude/commands/1-plan-frontend-redesign.md"]
hash = "sha256:1bc33e04c0a0d0824c6e56d1e664a597709bccda12859aa7ee38aa317da68c4b"

[files."home:~/.claude/commands/1-plan-init-project.md"]
hash = "sha256:bd5aa065066e73adf18812ceac0adfa11b8c27ae4de792c79c53ffa3583d6d28"

[files."home:~/.claude/commands/1-plan-redesign-arch.md"]
hash = "sha256:cd844c0da06928288dd7a979e2fe92b4d3f39ac46903f2d3206eb6f3ee1ef2f0"

[files."home:~/.claude/commands/2-init-cicd-setup.md"]
hash = "sha256:abc25ff7503df73412abc547bb53046dd491441fbc10f49e882e7315454a0e0d"

[files."home:~/.claude/commands/2-init-containerize.md"]
hash = "sha256:fd7792a03dde758bc67c785208664c6c53e06ee53c261dde0ebc9c5bba371f70"

[files."home:~/.claude/commands/2-init-env-config.md"]
hash = "sha256:5ae056c5811b7c760377076fd6416973e3ae8ecb39b7689ec1e8d2d53e8504ee"

[files."home:~/.claude/commands/2-init-i18n-setup.md"]
hash = "sha256:5bd1015d3abe25f40f1b841c7207f55668e22dbff775f705734d5e56217f2119"

[files."home:~/.claude/commands/2-init-monorepo-setup.md"]
hash = "sha256:f3fe21c4909378e2864f5da4009661bb3351573ffd08367969f141ff9c5c57d3"

[files."home:~/.claude/commands/2-init-observability.md"]
hash = "sha256:2907173d563f7d82d623c3d1c894ab9bfb1b0d0a7b32830aa09243cda3025ccf"

[files."home:~/.claude/commands/3-dev-error-handling.md"]
hash = "sha256:2bc476fb4a602f4cf5f79e69899395f9030f7159bf727fe0c20d6dbe167482b9"

[files."home:~/.claude/commands/3-dev-legacy-modernize.md"]
hash = "sha256:2569be8d2bd456d8c6d46e06d13404e36acd76add25ccb5ff69758cd4efec6dd"

[files."home:~/.claude/commands/3-dev-migrate-framework.md"]
hash = "sha256:33e99de32cb800e2e7484db8a257e055c6c6d6ecd7cc5ffb1df18cfa318cbf91"

[files."home:~/.claude/commands/3-dev-refactoring.md"]
hash = "sha256:12238c4b043bfe804336bd0928268995e2ceb0dfa7c554bc7efe932da8150d2d"

[files."home:~/.claude/commands/4-test-critical.md"]
hash = "sha256:396eb4c8f3ef9e4273e041b17c2595d077d11a764a2b343e01d22144ccadff32"

[files."home:~/.claude/commands/4-test-fix.md"]
hash = "sha256:db44a31d497621accc1ba94e86d3e0fe53c9a4f4c248cfe23246bf622ea2da92"

[files."home:~/.claude/commands/4-test-full.md"]
hash = "sha256:806e2bdf7a4d71c60dd9dfb8442e96143e6419aa72d935263161e755d4cbdf3e"

[files."home:~/.claude/commands/4-test-regression.md"]
hash = "sha256:0d695750ea55e8c1cc10c89e58f46a4c87afa023a83add2bd096d97726835ef0"

[files."home:~/.claude/commands/4-test-tdd.md"]
hash = "sha256:1eb36a9aed3d815ed3ecb1395dc62adf03e3ef6b1f3441da94dfb3379ebddef9"

[files."home:~/.claude/commands/4-test-variants.md"]
hash = "sha256:9a5e6a6032a1c0375f0bc733ae39000ef016e9421aacad7396c1edf27995f8b1"

[files."home:~/.claude/commands/5-qa-a11y-audit.md"]
hash = "sha256:05861a4977329e05ae1b8924b12e8da1f85d77ba8d28b134fc574c4c69b08433"

[files."home:~/.claude/commands/5-qa-api-review.md"]
hash = "sha256:5dc6c30b60d4666cd9d56ea1c94c932fb2eaeb718dd09062da2747834888fb6f"

[files."home:~/.claude/commands/5-qa-dep-audit.md"]
hash = "sha256:279b510040e0814829eacbf76952737e1769faacc16b36dc64eb6d5db4bbf997"

[files."home:~/.claude/commands/5-qa-perf-profile.md"]
hash = "sha256:f19b7dcb264203a23dcd169e42306a4e6316312cb936ef38113af06a0e80873e"

[files."home:~/.claude/commands/5-qa-security-audit.md"]
hash = "sha256:0e2e96962c687f682f0822db58f9b13f2da8310de1ce734e3c50be4599729f44"

[files."home:~/.claude/commands/6-rel-changelog.md"]
hash = "sha256:817ed553d04998d5f261e6ebee07702dac14a5404553121dfd9fb541fb79c7d9"

[files."home:~/.claude/commands/6-rel-organize-docs.md"]
hash = "sha256:d5cf3be4e1a2535f74dce98b04272f3bca7c2784a66eb7e4c1f1924b1e2fa025"

[files."home:~/.claude/commands/m-maint-codebase-cleanup.md"]
hash = "sha256:83b50fd9a450cc321ea0515cd56ac4c162f8f18931cb76fd4516b589fae4adb6"

[files."home:~/.claude/commands/m-maint-dep-cleanup.md"]
hash = "sha256:6942e09fdd4c50c04396475c295f0bfaa54209297ff8960efa9f9ca6ab7e5b7a"

[files."home:~/.claude/commands/m-maint-git-audit.md"]
hash = "sha256:0988bfb9a988ad11a0af6a4342a69e6aee09c20c3ffa28ef66f8a9af60b343df"

[files."home:~/.claude/commands/x-util-debug-exception.md"]
hash = "sha256:f3a50030125fcd1d9228d0f35b0ff9fb093314143ee033f052322c5ccee93243"

[files."home:~/.claude/commands/x-util-worktree-review.md"]
hash = "sha256:2fb87955eb2634bd5d4452e5eb04b01cae9f626242d40415bf204ff7cabbd8b1"

[files."home:~/.claude/settings.json"]
hash = "sha256:e4e5a0806d07623e1a1b168562dc638f68de495506a4dfae764f11ac2bdd754d"

[files."home:~/.claude/settings.local.json"]
hash = "sha256:44136fa355b3678a1146ad16f7e8649e94fb4fc21fe77e8310c060f61caaff8a"

[files."home:~/.codex/prompts/0-disc-analyze-project.md"]
hash = "sha256:eac874156f671aaed389cdd28bc05ad66fa82e8f9424ece6c3dbfaafce9394cf"

[files."home:~/.codex/prompts/0-disc-sync-docs-code.md"]
hash = "sha256:71fb48ffdf2f54ba33eefa7fcbe81d357eba56c3f690cbc649d08bf833dae21e"

[files."home:~/.codex/prompts/1-plan-api-versioning.md"]
hash = "sha256:39a29aac8089774c804991209c15121a8e03295bc64de330be7a1662024d6ced"

[files."home:~/.codex/prompts/1-plan-cache-strategy.md"]
hash = "sha256:1b3e98b8e25d353b24a4638d73e86010d541b57651c3d624a3f68296a3e2012e"

[files."home:~/.codex/prompts/1-plan-db-optimize.md"]
hash = "sha256:f6b56bf4c6c73c0ce3dc87c02cfa3fd55199a7f235fa91971671dc399343fc99"

[files."home:~/.codex/prompts/1-plan-frontend-redesign.md"]
hash = "sha256:e4c01e7db8684f42b776ae868b5bcbf6e28542db3f54a47b6423c1be6d781cdd"

[files."home:~/.codex/prompts/1-plan-init-project.md"]
hash = "sha256:990fb5b467ea9e6a3e9abd0038f5362b9d5ec532bf833b5786b48728f478c24a"

[files."home:~/.codex/prompts/1-plan-redesign-arch.md"]
hash = "sha256:14a9a575c570eaf26d4667ab0e337dba2d1a21d2df8b40e6ef1cd907a4bc5e94"

[files."home:~/.codex/prompts/2-init-cicd-setup.md"]
hash = "sha256:f4ea5b7ef4c74461b48bb6b4affae96eb476b0f297b17b2d1e97b4127fd0ed23"

[files."home:~/.codex/prompts/2-init-containerize.md"]
hash = "sha256:80aa63d11113ce123960fdc404690f72088fd1abcbdc64145b12df851e922716"

[files."home:~/.codex/prompts/2-init-env-config.md"]
hash = "sha256:a7ff7519391088f06232cb18acc555f600f9bb2cb0b3e5c65cce2bf784b55e86"

[files."home:~/.codex/prompts/2-init-i18n-setup.md"]
hash = "sha256:b3717fb848ef5fde7697daec1501690f8182869da628e1d68229ec6ab3aef2dc"

[files."home:~/.codex/prompts/2-init-monorepo-setup.md"]
hash = "sha256:f1cdbb509a3e2eb582fd051cf121f4546729f40e81c1dbba47bf737c04596b80"

[files."home:~/.codex/prompts/2-init-observability.md"]
hash = "sha256:28315c00d773e772b0a5646221e7e99442b6b889664eade24ed23a4f858c9fcc"

[files."home:~/.codex/prompts/3-dev-error-handling.md"]
hash = "sha256:0f69add192b70a76364cf53aeb588381fb6fd3b0368df4d88916f65f4412b791"

[files."home:~/.codex/prompts/3-dev-legacy-modernize.md"]
hash = "sha256:39d81d088ebee06acae2c815551b1b91722204eeed02f5053361d70a0c44634a"

[files."home:~/.codex/prompts/3-dev-migrate-framework.md"]
hash = "sha256:dd843b8b635c9fdeb469983cb9e62347bd43a25e471903ac910368d3f2454ef9"

[files."home:~/.codex/prompts/3-dev-refactoring.md"]
hash = "sha256:aede0d3f5d01ccfb955a8d7d55e2b8a9c24bf044f4e9384bf1d7a512cc9a7df7"

[files."home:~/.codex/prompts/4-test-critical.md"]
hash = "sha256:13561252b5c36e1ff47492e21c8388543e123ab30944259e012ef59a36e43758"

[files."home:~/.codex/prompts/4-test-fix.md"]
hash = "sha256:b3485c0dad7d442166969263927e55ccaf87a7c9f34c03aa4ff19cfc8e5ee00a"

[files."home:~/.codex/prompts/4-test-full.md"]
hash = "sha256:b031ab4f7eb4f3de1063a10ea0b96f780cb733f736773578e5d79852a257a5cd"

[files."home:~/.codex/prompts/4-test-regression.md"]
hash = "sha256:c529463616cf15d1fd40c9be4fb219817fcd5e88e0c4562ebf839c9687184884"

[files."home:~/.codex/prompts/4-test-tdd.md"]
hash = "sha256:950c11d951dbc88d7f5a0e8a2f29a5dbfe0547a6d1b7569bb88fe577f472e3f0"

[files."home:~/.codex/prompts/4-test-variants.md"]
hash = "sha256:562334917b4a5a4108624646184d903a886695a51f01c7a83bba287d4442c9c6"

[files."home:~/.codex/prompts/5-qa-a11y-audit.md"]
hash = "sha256:e1c3de952096b9a6ee913ff5e771c1f82b48f3faf9f233514daf4e69eb49c8a3"

[files."home:~/.codex/prompts/5-qa-api-review.md"]
hash = "sha256:6e5c80d7fc145270bdcd380a6354403eae35cc2c96f4c1ccc1780c0996c16efc"

[files."home:~/.codex/prompts/5-qa-dep-audit.md"]
hash = "sha256:3749fcd81659b97b7ddadbc74f16684b119cfcbd1bd3fa9992d80a8eb59e8624"

[files."home:~/.codex/prompts/5-qa-perf-profile.md"]
hash = "sha256:58900752b554078cb6a339371654710260e497afdaf44405e67eebb0840c94bb"

[files."home:~/.codex/prompts/5-qa-security-audit.md"]
hash = "sha256:d197df1da295c0b5bbe4755308799fb58a9cc2f0985b27d27ec2fb189daccf0c"

[files."home:~/.codex/prompts/6-rel-changelog.md"]
hash = "sha256:bdcfe931115118d0870ce5544de18c86972624842e712ecad68dc4ee713220ed"

[files."home:~/.codex/prompts/6-rel-organize-docs.md"]
hash = "sha256:11f5d28c25d152a08e69a42d1331cb91a3d7eba386a41af5fe649a3fdd83e3ef"

[files."home:~/.codex/prompts/m-maint-codebase-cleanup.md"]
hash = "sha256:81c3e32aea5cd1df72f910814a2091b01da69c074a270dd86934a8eb9057aaa8"

[files."home:~/.codex/prompts/m-maint-dep-cleanup.md"]
hash = "sha256:b4db3be60e12b742a18c0f2a142c623057852fdae6837f5d392433449e95dcd2"

[files."home:~/.codex/prompts/m-maint-git-audit.md"]
hash = "sha256:2768f6defa96f710ef6a16a93cb1ffe028fb4d8506582af1eedd9925992d3dbb"

[files."home:~/.codex/prompts/x-util-debug-exception.md"]
hash = "sha256:0e42ca75e6e94bae52ba022e1a875e28d688aa60ee036d772fb6225483668b7f"

[files."home:~/.codex/prompts/x-util-worktree-review.md"]
hash = "sha256:e57dd2b9e32feb3c5003a4c53b7e9719284121f382752e296de158952aefd56b"

[files."home:~/.gemini/antigravity/global_workflows/0-disc-analyze-project.md"]
hash = "sha256:9529c5bff78e216fc395b4ba462a87233852de299e7d59356629fad8e2ba7440"

[files."home:~/.gemini/antigravity/global_workflows/0-disc-sync-docs-code.md"]
hash = "sha256:17887b0050a5c5aaafb57b3f6a428912f3f54c77dc90065cdfc9249579d6b7d3"

[files."home:~/.gemini/antigravity/global_workflows/1-plan-api-versioning.md"]
hash = "sha256:e394942ba606ce49250534e741513ed4b1f752db028cdd3eccb1bc668131355b"

[files."home:~/.gemini/antigravity/global_workflows/1-plan-cache-strategy.md"]
hash = "sha256:4f54f748a6939e018c9e7210cf4c92a5b7d5711373c983d3a1537ca674fa5a79"

[files."home:~/.gemini/antigravity/global_workflows/1-plan-db-optimize.md"]
hash = "sha256:2e2e6c6aed3081bcaf2d50c531c60e3e2395ae56172fc3019abdb58989faedde"

[files."home:~/.gemini/antigravity/global_workflows/1-plan-frontend-redesign.md"]
hash = "sha256:58f71a422d0e3716ba52f65d9a010e96c67d271bec2241e7fa1766c9fb064db5"

[files."home:~/.gemini/antigravity/global_workflows/1-plan-init-project.md"]
hash = "sha256:987d8214950042c529aa1fe9396a4f85f18c8b273c609f4fece0c6ab55a5fba0"

[files."home:~/.gemini/antigravity/global_workflows/1-plan-redesign-arch.md"]
hash = "sha256:acb38d0f9e5eaf64e3d139af5fc23c96ff7d43efdfe4c3c49c5bf26f89c6d6fe"

[files."home:~/.gemini/antigravity/global_workflows/2-init-cicd-setup.md"]
hash = "sha256:e58342b4fe9504337adcb495914e084849c8394e0aced8bf30b01464c999d3ed"

[files."home:~/.gemini/antigravity/global_workflows/2-init-containerize.md"]
hash = "sha256:4ffc1e025da303b12e1c84542f6c4d860c3eee62f89d8222d81cf948b6ebd3b7"

[files."home:~/.gemini/antigravity/global_workflows/2-init-env-config.md"]
hash = "sha256:4fe13a4ab5791b6ca589258915d566cc2a8736246c21e845cf095299c0a65eb7"

[files."home:~/.gemini/antigravity/global_workflows/2-init-i18n-setup.md"]
hash = "sha256:84defd57a63dc96c997e0a34ea4e3a4fc3e3fd525561d342487fe6d83cf6b940"

[files."home:~/.gemini/antigravity/global_workflows/2-init-monorepo-setup.md"]
hash = "sha256:6f9f573ead41974d6953148f42275f1c6de466e30c0245b52478491857982c66"

[files."home:~/.gemini/antigravity/global_workflows/2-init-observability.md"]
hash = "sha256:3d79e27a8e36fb281fcb8df438d0999647cc27a02b1d89794e586dfad3215398"

[files."home:~/.gemini/antigravity/global_workflows/3-dev-error-handling.md"]
hash = "sha256:df8b9a47620cd63effffaea59692e2d5833c82d7c98d3ca4eab7470129260d97"

[files."home:~/.gemini/antigravity/global_workflows/3-dev-legacy-modernize.md"]
hash = "sha256:132c5de8bda92224557de08ecbeacf7a65e4d9b9a6be015bc61fdbf36a582029"

[files."home:~/.gemini/antigravity/global_workflows/3-dev-migrate-framework.md"]
hash = "sha256:c8ec02b542ab072aab48a4b5a06f3db8b4552e197c3de42ac7419bc2dff7df41"

[files."home:~/.gemini/antigravity/global_workflows/3-dev-refactoring.md"]
hash = "sha256:d24d92801284f2394956b4d036ba93a53fc508b846630d659449901760500a5e"

[files."home:~/.gemini/antigravity/global_workflows/4-test-critical.md"]
hash = "sha256:3c3543d4f141602b6a97022fae69ddd6e8d5bb6762bc8938803551b0e79fb6bf"

[files."home:~/.gemini/antigravity/global_workflows/4-test-fix.md"]
hash = "sha256:cbc73541a6f43e0409fd1ece7e9d41cfa209692d0f9233fb8afc37f84e15e059"

[files."home:~/.gemini/antigravity/global_workflows/4-test-full.md"]
hash = "sha256:57184fb33c7de064f0afa8c18cd4a9ef91fc1aebaf2d65dad33872590047f9aa"

[files."home:~/.gemini/antigravity/global_workflows/4-test-regression.md"]
hash = "sha256:662ce127d8bf32f2558497ca4b9d7e691a63164096f6a81b4fda49eba40b93c0"

[files."home:~/.gemini/antigravity/global_workflows/4-test-tdd.md"]
hash = "sha256:756f7c2b40d5db8f438d0099309b1ca9784c965f3f6cdda07939e96da5c16799"

[files."home:~/.gemini/antigravity/global_workflows/4-test-variants.md"]
hash = "sha256:686bc27937c0537118f447cd8ef008595fb3cdea02c11d8f64d4d544bbe8d135"

[files."home:~/.gemini/antigravity/global_workflows/5-qa-a11y-audit.md"]
hash = "sha256:1bfe241509eed318af74d5f07f737edbfdc83d2f5d79f4c905e2c0af1b6566a1"

[files."home:~/.gemini/antigravity/global_workflows/5-qa-api-review.md"]
hash = "sha256:2d140b9e940455057aad1964d59c950aa6dcfff4e140b713a230b34925a55ce6"

[files."home:~/.gemini/antigravity/global_workflows/5-qa-dep-audit.md"]
hash = "sha256:23801dc2bc7e0078363d4b6c18911ec2d2a3db780838bb8068313c5e07aebae9"

[files."home:~/.gemini/antigravity/global_workflows/5-qa-perf-profile.md"]
hash = "sha256:9f64abbffd4ee799fc776f0b70539077fe18803f5cbb057c4f6341dab51c5ee6"

[files."home:~/.gemini/antigravity/global_workflows/5-qa-security-audit.md"]
hash = "sha256:5e9eed26b187ef7d1b853208056884c8cc97ed8f87c1591b299d7fe805102084"

[files."home:~/.gemini/antigravity/global_workflows/6-rel-changelog.md"]
hash = "sha256:934a11dff36ca05219386346c638ce18276bf0d3d6062934cc9fdc5f4f8b87d7"

[files."home:~/.gemini/antigravity/global_workflows/6-rel-organize-docs.md"]
hash = "sha256:f209569038d2eef57e6af88abae7efdfb73ad7a0e8862aa51cd7e12137e78a1f"

[files."home:~/.gemini/antigravity/global_workflows/m-maint-codebase-cleanup.md"]
hash = "sha256:b486aa7d6db3a48570061077ebf7145940ffd70270cc69ed9932e32d146920b7"

[files."home:~/.gemini/antigravity/global_workflows/m-maint-dep-cleanup.md"]
hash = "sha256:a469913cac907769764da63bfe5978ad90ff88a434d7039f39292b821b3b287a"

[files."home:~/.gemini/antigravity/global_workflows/m-maint-git-audit.md"]
hash = "sha256:043dbe00ae768b797c2579cd66e6d85d9995cb2823113f87a711cbe48f3fb8b8"

[files."home:~/.gemini/antigravity/global_workflows/x-util-debug-exception.md"]
hash = "sha256:951bc83c6090539f0e50c4706d62029e3bc30e361d1101d855544dcbe9ec9afc"

[files."home:~/.gemini/antigravity/global_workflows/x-util-worktree-review.md"]
hash = "sha256:c5a2043523a1852d158f3fe0ac0b75bfe85760f52228d88adc00bf9a01a8bcf3"

[files."home:~/.vscode/instructions/0-disc-analyze-project.instructions.md"]
hash = "sha256:9529c5bff78e216fc395b4ba462a87233852de299e7d59356629fad8e2ba7440"

[files."home:~/.vscode/instructions/0-disc-sync-docs-code.instructions.md"]
hash = "sha256:17887b0050a5c5aaafb57b3f6a428912f3f54c77dc90065cdfc9249579d6b7d3"

[files."home:~/.vscode/instructions/1-plan-api-versioning.instructions.md"]
hash = "sha256:e394942ba606ce49250534e741513ed4b1f752db028cdd3eccb1bc668131355b"

[files."home:~/.vscode/instructions/1-plan-cache-strategy.instructions.md"]
hash = "sha256:4f54f748a6939e018c9e7210cf4c92a5b7d5711373c983d3a1537ca674fa5a79"

[files."home:~/.vscode/instructions/1-plan-db-optimize.instructions.md"]
hash = "sha256:2e2e6c6aed3081bcaf2d50c531c60e3e2395ae56172fc3019abdb58989faedde"

[files."home:~/.vscode/instructions/1-plan-frontend-redesign.instructions.md"]
hash = "sha256:58f71a422d0e3716ba52f65d9a010e96c67d271bec2241e7fa1766c9fb064db5"

[files."home:~/.vscode/instructions/1-plan-init-project.instructions.md"]
hash = "sha256:987d8214950042c529aa1fe9396a4f85f18c8b273c609f4fece0c6ab55a5fba0"

[files."home:~/.vscode/instructions/1-plan-redesign-arch.instructions.md"]
hash = "sha256:acb38d0f9e5eaf64e3d139af5fc23c96ff7d43efdfe4c3c49c5bf26f89c6d6fe"

[files."home:~/.vscode/instructions/2-init-cicd-setup.instructions.md"]
hash = "sha256:e58342b4fe9504337adcb495914e084849c8394e0aced8bf30b01464c999d3ed"

[files."home:~/.vscode/instructions/2-init-containerize.instructions.md"]
hash = "sha256:4ffc1e025da303b12e1c84542f6c4d860c3eee62f89d8222d81cf948b6ebd3b7"

[files."home:~/.vscode/instructions/2-init-env-config.instructions.md"]
hash = "sha256:4fe13a4ab5791b6ca589258915d566cc2a8736246c21e845cf095299c0a65eb7"

[files."home:~/.vscode/instructions/2-init-i18n-setup.instructions.md"]
hash = "sha256:84defd57a63dc96c997e0a34ea4e3a4fc3e3fd525561d342487fe6d83cf6b940"

[files."home:~/.vscode/instructions/2-init-monorepo-setup.instructions.md"]
hash = "sha256:6f9f573ead41974d6953148f42275f1c6de466e30c0245b52478491857982c66"

[files."home:~/.vscode/instructions/2-init-observability.instructions.md"]
hash = "sha256:3d79e27a8e36fb281fcb8df438d0999647cc27a02b1d89794e586dfad3215398"

[files."home:~/.vscode/instructions/3-dev-error-handling.instructions.md"]
hash = "sha256:df8b9a47620cd63effffaea59692e2d5833c82d7c98d3ca4eab7470129260d97"

[files."home:~/.vscode/instructions/3-dev-legacy-modernize.instructions.md"]
hash = "sha256:132c5de8bda92224557de08ecbeacf7a65e4d9b9a6be015bc61fdbf36a582029"

[files."home:~/.vscode/instructions/3-dev-migrate-framework.instructions.md"]
hash = "sha256:c8ec02b542ab072aab48a4b5a06f3db8b4552e197c3de42ac7419bc2dff7df41"

[files."home:~/.vscode/instructions/3-dev-refactoring.instructions.md"]
hash = "sha256:d24d92801284f2394956b4d036ba93a53fc508b846630d659449901760500a5e"

[files."home:~/.vscode/instructions/4-test-critical.instructions.md"]
hash = "sha256:3c3543d4f141602b6a97022fae69ddd6e8d5bb6762bc8938803551b0e79fb6bf"

[files."home:~/.vscode/instructions/4-test-fix.instructions.md"]
hash = "sha256:cbc73541a6f43e0409fd1ece7e9d41cfa209692d0f9233fb8afc37f84e15e059"

[files."home:~/.vscode/instructions/4-test-full.instructions.md"]
hash = "sha256:57184fb33c7de064f0afa8c18cd4a9ef91fc1aebaf2d65dad33872590047f9aa"

[files."home:~/.vscode/instructions/4-test-regression.instructions.md"]
hash = "sha256:662ce127d8bf32f2558497ca4b9d7e691a63164096f6a81b4fda49eba40b93c0"

[files."home:~/.vscode/instructions/4-test-tdd.instructions.md"]
hash = "sha256:756f7c2b40d5db8f438d0099309b1ca9784c965f3f6cdda07939e96da5c16799"

[files."home:~/.vscode/instructions/4-test-variants.instructions.md"]
hash = "sha256:686bc27937c0537118f447cd8ef008595fb3cdea02c11d8f64d4d544bbe8d135"

[files."home:~/.vscode/instructions/5-qa-a11y-audit.instructions.md"]
hash = "sha256:1bfe241509eed318af74d5f07f737edbfdc83d2f5d79f4c905e2c0af1b6566a1"

[files."home:~/.vscode/instructions/5-qa-api-review.instructions.md"]
hash = "sha256:2d140b9e940455057aad1964d59c950aa6dcfff4e140b713a230b34925a55ce6"

[files."home:~/.vscode/instructions/5-qa-dep-audit.instructions.md"]
hash = "sha256:23801dc2bc7e0078363d4b6c18911ec2d2a3db780838bb8068313c5e07aebae9"

[files."home:~/.vscode/instructions/5-qa-perf-profile.instructions.md"]
hash = "sha256:9f64abbffd4ee799fc776f0b70539077fe18803f5cbb057c4f6341dab51c5ee6"

[files."home:~/.vscode/instructions/5-qa-security-audit.instructions.md"]
hash = "sha256:5e9eed26b187ef7d1b853208056884c8cc97ed8f87c1591b299d7fe805102084"

[files."home:~/.vscode/instructions/6-rel-changelog.instructions.md"]
hash = "sha256:934a11dff36ca05219386346c638ce18276bf0d3d6062934cc9fdc5f4f8b87d7"

[files."home:~/.vscode/instructions/6-rel-organize-docs.instructions.md"]
hash = "sha256:f209569038d2eef57e6af88abae7efdfb73ad7a0e8862aa51cd7e12137e78a1f"

[files."home:~/.vscode/instructions/m-maint-codebase-cleanup.instructions.md"]
hash = "sha256:b486aa7d6db3a48570061077ebf7145940ffd70270cc69ed9932e32d146920b7"

[files."home:~/.vscode/instructions/m-maint-dep-cleanup.instructions.md"]
hash = "sha256:a469913cac907769764da63bfe5978ad90ff88a434d7039f39292b821b3b287a"

[files."home:~/.vscode/instructions/m-maint-git-audit.instructions.md"]
hash = "sha256:043dbe00ae768b797c2579cd66e6d85d9995cb2823113f87a711cbe48f3fb8b8"

[files."home:~/.vscode/instructions/x-util-debug-exception.instructions.md"]
hash = "sha256:951bc83c6090539f0e50c4706d62029e3bc30e361d1101d855544dcbe9ec9afc"

[files."home:~/.vscode/instructions/x-util-worktree-review.instructions.md"]
hash = "sha256:c5a2043523a1852d158f3fe0ac0b75bfe85760f52228d88adc00bf9a01a8bcf3"

[files."home:~/AGENTS.md"]
hash = "sha256:020f40435b1a01f22241b03adf3e7b00a70e40c6c9c4b6b37cff8434118f6c5a"
